
Microsoft Visual Studio Solution File, Format Version 12.00
# Visual Studio Version 17
VisualStudioVersion = 17.4.33213.308
MinimumVisualStudioVersion = 10.0.40219.1
Project("{9A19103F-16F7-4668-BE54-9A1E7A4F7556}") = "CloudPanelFinder", "CloudPanelFinder\CloudPanelFinder.csproj", "{9551DB03-3DCC-4979-8925-CCDEE4B528DB}"
EndProject
Global
	GlobalSection(SolutionConfigurationPlatforms) = preSolution
		Debug|Any CPU = Debug|Any CPU
		Debug|x64 = Debug|x64
		Release|Any CPU = Release|Any CPU
		Release|x64 = Release|x64
	EndGlobalSection
	GlobalSection(ProjectConfigurationPlatforms) = postSolution
		{9551DB03-3DCC-4979-8925-CCDEE4B528DB}.Debug|Any CPU.ActiveCfg = Debug|Any CPU
		{9551DB03-3DCC-4979-8925-CCDEE4B528DB}.Debug|Any CPU.Build.0 = Debug|Any CPU
		{9551DB03-3DCC-4979-8925-CCDEE4B528DB}.Debug|x64.ActiveCfg = Debug|x64
		{9551DB03-3DCC-4979-8925-CCDEE4B528DB}.Debug|x64.Build.0 = Debug|x64
		{9551DB03-3DCC-4979-8925-CCDEE4B528DB}.Release|Any CPU.ActiveCfg = Release|Any CPU
		{9551DB03-3DCC-4979-8925-CCDEE4B528DB}.Release|Any CPU.Build.0 = Release|Any CPU
		{9551DB03-3DCC-4979-8925-CCDEE4B528DB}.Release|x64.ActiveCfg = Release|x64
		{9551DB03-3DCC-4979-8925-CCDEE4B528DB}.Release|x64.Build.0 = Release|x64
	EndGlobalSection
	GlobalSection(SolutionProperties) = preSolution
		HideSolutionNode = FALSE
	EndGlobalSection
	GlobalSection(ExtensibilityGlobals) = postSolution
		SolutionGuid = {F8391879-9FD7-4F4A-861A-615A10604036}
	EndGlobalSection
EndGlobal
